
Microsoft Visual Studio Solution File, Format Version 12.00
# Visual Studio Version 16
VisualStudioVersion = 16.0.29324.140
MinimumVisualStudioVersion = 10.0.40219.1
Project("{FAE04EC0-301F-11D3-BF4B-00C04F79EFBC}") = "NataleExs", "NataleExs\NataleExs.csproj", "{68CA1B00-6D27-41B5-B1D1-20C28A389716}"
EndProject
Global
	GlobalSection(SolutionConfigurationPlatforms) = preSolution
		Debug|Any CPU = Debug|Any CPU
		Release|Any CPU = Release|Any CPU
	EndGlobalSection
	GlobalSection(ProjectConfigurationPlatforms) = postSolution
		{68CA1B00-6D27-41B5-B1D1-20C28A389716}.Debug|Any CPU.ActiveCfg = Debug|Any CPU
		{68CA1B00-6D27-41B5-B1D1-20C28A389716}.Debug|Any CPU.Build.0 = Debug|Any CPU
		{68CA1B00-6D27-41B5-B1D1-20C28A389716}.Release|Any CPU.ActiveCfg = Release|Any CPU
		{68CA1B00-6D27-41B5-B1D1-20C28A389716}.Release|Any CPU.Build.0 = Release|Any CPU
	EndGlobalSection
	GlobalSection(SolutionProperties) = preSolution
		HideSolutionNode = FALSE
	EndGlobalSection
	GlobalSection(ExtensibilityGlobals) = postSolution
		SolutionGuid = {BD40FFFB-A457-4AF8-B62D-25A8CFC41089}
	EndGlobalSection
EndGlobal
